
Microsoft Visual Studio Solution File, Format Version 12.00
# Visual Studio Version 16
VisualStudioVersion = 16.0.31005.135
MinimumVisualStudioVersion = 10.0.40219.1
Project("{FAE04EC0-301F-11D3-BF4B-00C04F79EFBC}") = "AOC2021", "AOC2021\AOC2021.csproj", "{84E81C7D-F9CE-4C3B-9231-492E080F3756}"
EndProject
Global
	GlobalSection(SolutionConfigurationPlatforms) = preSolution
		Debug|Any CPU = Debug|Any CPU
		Release|Any CPU = Release|Any CPU
	EndGlobalSection
	GlobalSection(ProjectConfigurationPlatforms) = postSolution
		{84E81C7D-F9CE-4C3B-9231-492E080F3756}.Debug|Any CPU.ActiveCfg = Debug|Any CPU
		{84E81C7D-F9CE-4C3B-9231-492E080F3756}.Debug|Any CPU.Build.0 = Debug|Any CPU
		{84E81C7D-F9CE-4C3B-9231-492E080F3756}.Release|Any CPU.ActiveCfg = Release|Any CPU
		{84E81C7D-F9CE-4C3B-9231-492E080F3756}.Release|Any CPU.Build.0 = Release|Any CPU
	EndGlobalSection
	GlobalSection(SolutionProperties) = preSolution
		HideSolutionNode = FALSE
	EndGlobalSection
	GlobalSection(ExtensibilityGlobals) = postSolution
		SolutionGuid = {DEE17F27-4EB8-4CEA-8A5F-DB772392CA77}
	EndGlobalSection
EndGlobal
